lockfileVersion: '6.0'

settings:
  autoInstallPeers: true
  excludeLinksFromLockfile: false

dependencies:
  lexi-ts:
    specifier: ^0.0.11
    version: 0.0.11

packages:

  /lexi-ts@0.0.11:
    resolution: {integrity: sha512-kEoTHKR0GPHcWBOHg+XSQNaHc7VhGVmk1r8L34NqnU7QAZ1S0oJaxu5bw/sKmbel/Nd7JXdTxi0k180Nt/AwIg==}
    dev: false
