lockfileVersion: '6.0'

settings:
  autoInstallPeers: true
  excludeLinksFromLockfile: false

dependencies:
  lexi-ts:
    specifier: ^0.0.13
    version: 0.0.13

packages:

  /lexi-ts@0.0.13:
    resolution: {integrity: sha512-ve0r2hB9SXUMihmNfwlBqx/7q1UR4KQKyHKqbGj/MxIlhpzBabDpszilqNcrLT3dezuRvtTAK9BdwXPMyDD4BA==}
    dev: false
